
Microsoft Visual Studio Solution File, Format Version 12.00
# Visual Studio Version 17
VisualStudioVersion = 17.12.35527.113 d17.12
MinimumVisualStudioVersion = 10.0.40219.1
Project("{FAE04EC0-301F-11D3-BF4B-00C04F79EFBC}") = "1_Revers_String", "DSA_Programe_String\1_Revers_String.csproj", "{981B8435-2D7D-44C6-944A-11C464ABDBD5}"
EndProject
Project("{FAE04EC0-301F-11D3-BF4B-00C04F79EFBC}") = "2_Pelendrome_or_Not", "2_Pelendrome_or_Not\2_Pelendrome_or_Not.csproj", "{DAEF0779-8D87-4C68-BFC9-F6BDAB8CE599}"
EndProject
Global
	GlobalSection(SolutionConfigurationPlatforms) = preSolution
		Debug|Any CPU = Debug|Any CPU
		Release|Any CPU = Release|Any CPU
	EndGlobalSection
	GlobalSection(ProjectConfigurationPlatforms) = postSolution
		{981B8435-2D7D-44C6-944A-11C464ABDBD5}.Debug|Any CPU.ActiveCfg = Debug|Any CPU
		{981B8435-2D7D-44C6-944A-11C464ABDBD5}.Debug|Any CPU.Build.0 = Debug|Any CPU
		{981B8435-2D7D-44C6-944A-11C464ABDBD5}.Release|Any CPU.ActiveCfg = Release|Any CPU
		{981B8435-2D7D-44C6-944A-11C464ABDBD5}.Release|Any CPU.Build.0 = Release|Any CPU
		{DAEF0779-8D87-4C68-BFC9-F6BDAB8CE599}.Debug|Any CPU.ActiveCfg = Debug|Any CPU
		{DAEF0779-8D87-4C68-BFC9-F6BDAB8CE599}.Debug|Any CPU.Build.0 = Debug|Any CPU
		{DAEF0779-8D87-4C68-BFC9-F6BDAB8CE599}.Release|Any CPU.ActiveCfg = Release|Any CPU
		{DAEF0779-8D87-4C68-BFC9-F6BDAB8CE599}.Release|Any CPU.Build.0 = Release|Any CPU
	EndGlobalSection
	GlobalSection(SolutionProperties) = preSolution
		HideSolutionNode = FALSE
	EndGlobalSection
EndGlobal
